
Microsoft Visual Studio Solution File, Format Version 12.00
# Visual Studio 14
VisualStudioVersion = 14.0.25420.1
MinimumVisualStudioVersion = 10.0.40219.1
Project("{FAE04EC0-301F-11D3-BF4B-00C04F79EFBC}") = "VendingMachine", "VendingMachine\VendingMachine.csproj", "{1D7FCDD4-F44D-450F-A9C4-ABBA40513FCF}"
EndProject
Project("{FAE04EC0-301F-11D3-BF4B-00C04F79EFBC}") = "CreditCardModule", "CreditCardModule\CreditCardModule.csproj", "{BAF3F24E-44A4-4546-83E7-BD5E471852B7}"
EndProject
Global
	GlobalSection(SolutionConfigurationPlatforms) = preSolution
		Debug|Any CPU = Debug|Any CPU
		Release|Any CPU = Release|Any CPU
	EndGlobalSection
	GlobalSection(ProjectConfigurationPlatforms) = postSolution
		{1D7FCDD4-F44D-450F-A9C4-ABBA40513FCF}.Debug|Any CPU.ActiveCfg = Debug|Any CPU
		{1D7FCDD4-F44D-450F-A9C4-ABBA40513FCF}.Debug|Any CPU.Build.0 = Debug|Any CPU
		{1D7FCDD4-F44D-450F-A9C4-ABBA40513FCF}.Release|Any CPU.ActiveCfg = Release|Any CPU
		{1D7FCDD4-F44D-450F-A9C4-ABBA40513FCF}.Release|Any CPU.Build.0 = Release|Any CPU
		{BAF3F24E-44A4-4546-83E7-BD5E471852B7}.Debug|Any CPU.ActiveCfg = Debug|Any CPU
		{BAF3F24E-44A4-4546-83E7-BD5E471852B7}.Debug|Any CPU.Build.0 = Debug|Any CPU
		{BAF3F24E-44A4-4546-83E7-BD5E471852B7}.Release|Any CPU.ActiveCfg = Release|Any CPU
		{BAF3F24E-44A4-4546-83E7-BD5E471852B7}.Release|Any CPU.Build.0 = Release|Any CPU
	EndGlobalSection
	GlobalSection(SolutionProperties) = preSolution
		HideSolutionNode = FALSE
	EndGlobalSection
EndGlobal
